
Microsoft Visual Studio Solution File, Format Version 12.00
# Visual Studio 14
VisualStudioVersion = 14.0.25420.1
MinimumVisualStudioVersion = 10.0.40219.1
Project("{FAE04EC0-301F-11D3-BF4B-00C04F79EFBC}") = "WindowsConsoleDoviz", "WindowsConsoleDoviz\WindowsConsoleDoviz.csproj", "{BE6396DF-D6F0-44CA-93AC-98D21062599F}"
EndProject
Global
	GlobalSection(SolutionConfigurationPlatforms) = preSolution
		Debug|Any CPU = Debug|Any CPU
		Release|Any CPU = Release|Any CPU
	EndGlobalSection
	GlobalSection(ProjectConfigurationPlatforms) = postSolution
		{BE6396DF-D6F0-44CA-93AC-98D21062599F}.Debug|Any CPU.ActiveCfg = Debug|Any CPU
		{BE6396DF-D6F0-44CA-93AC-98D21062599F}.Debug|Any CPU.Build.0 = Debug|Any CPU
		{BE6396DF-D6F0-44CA-93AC-98D21062599F}.Release|Any CPU.ActiveCfg = Release|Any CPU
		{BE6396DF-D6F0-44CA-93AC-98D21062599F}.Release|Any CPU.Build.0 = Release|Any CPU
	EndGlobalSection
	GlobalSection(SolutionProperties) = preSolution
		HideSolutionNode = FALSE
	EndGlobalSection
	GlobalSection(ExtensibilityGlobals) = postSolution
		SolutionGuid = {F7265BC0-59A2-41C9-883E-4F716BA63665}
	EndGlobalSection
EndGlobal
